// !$*UTF8*$!
{
	archiveVersion = 1;
	classes = {
	};
	objectVersion = 46;
	objects = {

/* Begin PBXBuildFile section */
		F54AAA531C43632700124ABE /* AppDelegate.swift in Sources */ = {isa = PBXBuildFile; fileRef = F54AAA521C43632700124ABE /* AppDelegate.swift */; };
		F54AAA551C43632700124ABE /* ViewController.swift in Sources */ = {isa = PBXBuildFile; fileRef = F54AAA541C43632700124ABE /* ViewController.swift */; };
		F54AAA581C43632700124ABE /* Main.storyboard in Resources */ = {isa = PBXBuildFile; fileRef = F54AAA561C43632700124ABE /* Main.storyboard */; };
		F54AAA5A1C43632700124ABE /* Assets.xcassets in Resources */ = {isa = PBXBuildFile; fileRef = F54AAA591C43632700124ABE /* Assets.xcassets */; };
		F54AAA5D1C43632700124ABE /* LaunchScreen.storyboard in Resources */ = {isa = PBXBuildFile; fileRef = F54AAA5B1C43632700124ABE /* LaunchScreen.storyboard */; };
/* End PBXBuildFile section */

/* Begin PBXFileReference section */
		F54AAA4F1C43632700124ABE /* HWSwiftyViewPager.app */ = {isa = PBXFileReference; explicitFileType = wrapper.application; includeInIndex = 0; path = HWSwiftyViewPager.app; sourceTree = BUILT_PRODUCTS_DIR; };
		F54AAA521C43632700124ABE /* AppDelegate.swift */ = {isa = PBXFileReference; lastKnownFileType = sourcecode.swift; path = AppDelegate.swift; sourceTree = "<group>"; };
		F54AAA541C43632700124ABE /* ViewController.swift */ = {isa = PBXFileReference; lastKnownFileType = sourcecode.swift; path = ViewController.swift; sourceTree = "<group>"; };
		F54AAA571C43632700124ABE /* Base */ = {isa = PBXFileReference; lastKnownFileType = file.storyboard; name = Base; path = Base.lproj/Main.storyboard; sourceTree = "<group>"; };
		F54AAA591C43632700124ABE /* Assets.xcassets */ = {isa = PBXFileReference; lastKnownFileType = folder.assetcatalog; path = Assets.xcassets; sourceTree = "<group>"; };
		F54AAA5C1C43632700124ABE /* Base */ = {isa = PBXFileReference; lastKnownFileType = file.storyboard; name = Base; path = Base.lproj/LaunchScreen.storyboard; sourceTree = "<group>"; };
		F54AAA5E1C43632700124ABE /* Info.plist */ = {isa = PBXFileReference; lastKnownFileType = text.plist.xml; path = Info.plist; sourceTree = "<group>"; };
/* End PBXFileReference section */

/* Begin PBXFrameworksBuildPhase section */
		F54AAA4C1C43632700124ABE /* Frameworks */ = {
			isa = PBXFrameworksBuildPhase;
			buildActionMask = 2147483647;
			files = (
			);
			runOnlyForDeploymentPostprocessing = 0;
		};
/* End PBXFrameworksBuildPhase section */

/* Begin PBXGroup section */
		F54AAA461C43632700124ABE = {
			isa = PBXGroup;
			children = (
				F54AAA511C43632700124ABE /* HWSwiftyViewPager */,
				F54AAA501C43632700124ABE /* Products */,
			);
			sourceTree = "<group>";
		};
		F54AAA501C43632700124ABE /* Products */ = {
			isa = PBXGroup;
			children = (
				F54AAA4F1C43632700124ABE /* HWSwiftyViewPager.app */,
			);
			name = Products;
			sourceTree = "<group>";
		};
		F54AAA511C43632700124ABE /* HWSwiftyViewPager */ = {
			isa = PBXGroup;
			children = (
				F54AAA521C43632700124ABE /* AppDelegate.swift */,
				F54AAA541C43632700124ABE /* ViewController.swift */,
				F54AAA561C43632700124ABE /* Main.storyboard */,
				F54AAA591C43632700124ABE /* Assets.xcassets */,
				F54AAA5B1C43632700124ABE /* LaunchScreen.storyboard */,
				F54AAA5E1C43632700124ABE /* Info.plist */,
			);
			path = HWSwiftyViewPager;
			sourceTree = "<group>";
		};
/* End PBXGroup section */

/* Begin PBXNativeTarget section */
		F54AAA4E1C43632700124ABE /* HWSwiftyViewPager */ = {
			isa = PBXNativeTarget;
			buildConfigurationList = F54AAA611C43632700124ABE /* Build configuration list for PBXNativeTarget "HWSwiftyViewPager" */;
			buildPhases = (
				F54AAA4B1C43632700124ABE /* Sources */,
				F54AAA4C1C43632700124ABE /* Frameworks */,
				F54AAA4D1C43632700124ABE /* Resources */,
			);
			buildRules = (
			);
			dependencies = (
			);
			name = HWSwiftyViewPager;
			productName = HWSwiftyViewPager;
			productReference = F54AAA4F1C43632700124ABE /* HWSwiftyViewPager.app */;
			productType = "com.apple.product-type.application";
		};
/* End PBXNativeTarget section */

/* Begin PBXProject section */
		F54AAA471C43632700124ABE /* Project object */ = {
			isa = PBXProject;
			attributes = {
				LastSwiftUpdateCheck = 0720;
				LastUpgradeCheck = 0720;
				ORGANIZATIONNAME = KokohApps;
				TargetAttributes = {
					F54AAA4E1C43632700124ABE = {
						CreatedOnToolsVersion = 7.2;
					};
				};
			};
			buildConfigurationList = F54AAA4A1C43632700124ABE /* Build configuration list for PBXProject "HWSwiftyViewPager" */;
			compatibilityVersion = "Xcode 3.2";
			developmentRegion = English;
			hasScannedForEncodings = 0;
			knownRegions = (
				en,
				Base,
			);
			mainGroup = F54AAA461C43632700124ABE;
			productRefGroup = F54AAA501C43632700124ABE /* Products */;
			projectDirPath = "";
			projectRoot = "";
			targets = (
				F54AAA4E1C43632700124ABE /* HWSwiftyViewPager */,
			);
		};
/* End PBXProject section */

/* Begin PBXResourcesBuildPhase section */
		F54AAA4D1C43632700124ABE /* Resources */ = {
			isa = PBXResourcesBuildPhase;
			buildActionMask = 2147483647;
			files = (
				F54AAA5D1C43632700124ABE /* LaunchScreen.storyboard in Resources */,
				F54AAA5A1C43632700124ABE /* Assets.xcassets in Resources */,
				F54AAA581C43632700124ABE /* Main.storyboard in Resources */,
			);
			runOnlyForDeploymentPostprocessing = 0;
		};
/* End PBXResourcesBuildPhase section */

/* Begin PBXSourcesBuildPhase section */
		F54AAA4B1C43632700124ABE /* Sources */ = {
			isa = PBXSourcesBuildPhase;
			buildActionMask = 2147483647;
			files = (
				F54AAA551C43632700124ABE /* ViewController.swift in Sources */,
				F54AAA531C43632700124ABE /* AppDelegate.swift in Sources */,
			);
			runOnlyForDeploymentPostprocessing = 0;
		};
/* End PBXSourcesBuildPhase section */

/* Begin PBXVariantGroup section */
		F54AAA561C43632700124ABE /* Main.storyboard */ = {
			isa = PBXVariantGroup;
			children = (
				F54AAA571C43632700124ABE /* Base */,
			);
			name = Main.storyboard;
			sourceTree = "<group>";
		};
		F54AAA5B1C43632700124ABE /* LaunchScreen.storyboard */ = {
			isa = PBXVariantGroup;
			children = (
				F54AAA5C1C43632700124ABE /* Base */,
			);
			name = LaunchScreen.storyboard;
			sourceTree = "<group>";
		};
/* End PBXVariantGroup section */

/* Begin XCBuildConfiguration section */
		F54AAA5F1C43632700124ABE /* Debug */ = {
			isa = XCBuildConfiguration;
			buildSettings = {
				ALWAYS_SEARCH_USER_PATHS = NO;
				CLANG_CXX_LANGUAGE_STANDARD = "gnu++0x";
				CLANG_CXX_LIBRARY = "libc++";
				CLANG_ENABLE_MODULES = YES;
				CLANG_ENABLE_OBJC_ARC = YES;
				CLANG_WARN_BOOL_CONVERSION = YES;
				CLANG_WARN_CONSTANT_CONVERSION = YES;
				CLANG_WARN_DIRECT_OBJC_ISA_USAGE = YES_ERROR;
				CLANG_WARN_EMPTY_BODY = YES;
				CLANG_WARN_ENUM_CONVERSION = YES;
				CLANG_WARN_INT_CONVERSION = YES;
				CLANG_WARN_OBJC_ROOT_CLASS = YES_ERROR;
				CLANG_WARN_UNREACHABLE_CODE = YES;
				CLANG_WARN__DUPLICATE_METHOD_MATCH = YES;
				"CODE_SIGN_IDENTITY[sdk=iphoneos*]" = "iPhone Developer";
				COPY_PHASE_STRIP = NO;
				DEBUG_INFORMATION_FORMAT = dwarf;
				ENABLE_STRICT_OBJC_MSGSEND = YES;
				ENABLE_TESTABILITY = YES;
				GCC_C_LANGUAGE_STANDARD = gnu99;
				GCC_DYNAMIC_NO_PIC = NO;
				GCC_NO_COMMON_BLOCKS = YES;
				GCC_OPTIMIZATION_LEVEL = 0;
				GCC_PREPROCESSOR_DEFINITIONS = (
					"DEBUG=1",
					"$(inherited)",
				);
				GCC_WARN_64_TO_32_BIT_CONVERSION = YES;
				GCC_WARN_ABOUT_RETURN_TYPE = YES_ERROR;
				GCC_WARN_UNDECLARED_SELECTOR = YES;
				GCC_WARN_UNINITIALIZED_AUTOS = YES_AGGRESSIVE;
				GCC_WARN_UNUSED_FUNCTION = YES;
				GCC_WARN_UNUSED_VARIABLE = YES;
				IPHONEOS_DEPLOYMENT_TARGET = 9.2;
				MTL_ENABLE_DEBUG_INFO = YES;
				ONLY_ACTIVE_ARCH = YES;
				SDKROOT = iphoneos;
				SWIFT_OPTIMIZATION_LEVEL = "-Onone";
			};
			name = Debug;
		};
		F54AAA601C43632700124ABE /* Release */ = {
			isa = XCBuildConfiguration;
			buildSettings = {
				ALWAYS_SEARCH_USER_PATHS = NO;
				CLANG_CXX_LANGUAGE_STANDARD = "gnu++0x";
				CLANG_CXX_LIBRARY = "libc++";
				CLANG_ENABLE_MODULES = YES;
				CLANG_ENABLE_OBJC_ARC = YES;
				CLANG_WARN_BOOL_CONVERSION = YES;
				CLANG_WARN_CONSTANT_CONVERSION = YES;
				CLANG_WARN_DIRECT_OBJC_ISA_USAGE = YES_ERROR;
				CLANG_WARN_EMPTY_BODY = YES;
				CLANG_WARN_ENUM_CONVERSION = YES;
				CLANG_WARN_INT_CONVERSION = YES;
				CLANG_WARN_OBJC_ROOT_CLASS = YES_ERROR;
				CLANG_WARN_UNREACHABLE_CODE = YES;
				CLANG_WARN__DUPLICATE_METHOD_MATCH = YES;
				"CODE_SIGN_IDENTITY[sdk=iphoneos*]" = "iPhone Developer";
				COPY_PHASE_STRIP = NO;
				DEBUG_INFORMATION_FORMAT = "dwarf-with-dsym";
				ENABLE_NS_ASSERTIONS = NO;
				ENABLE_STRICT_OBJC_MSGSEND = YES;
				GCC_C_LANGUAGE_STANDARD = gnu99;
				GCC_NO_COMMON_BLOCKS = YES;
				GCC_WARN_64_TO_32_BIT_CONVERSION = YES;
				GCC_WARN_ABOUT_RETURN_TYPE = YES_ERROR;
				GCC_WARN_UNDECLARED_SELECTOR = YES;
				GCC_WARN_UNINITIALIZED_AUTOS = YES_AGGRESSIVE;
				GCC_WARN_UNUSED_FUNCTION = YES;
				GCC_WARN_UNUSED_VARIABLE = YES;
				IPHONEOS_DEPLOYMENT_TARGET = 9.2;
				MTL_ENABLE_DEBUG_INFO = NO;
				SDKROOT = iphoneos;
				VALIDATE_PRODUCT = YES;
			};
			name = Release;
		};
		F54AAA621C43632700124ABE /* Debug */ = {
			isa = XCBuildConfiguration;
			buildSettings = {
				ASSETCATALOG_COMPILER_APPICON_NAME = AppIcon;
				INFOPLIST_FILE = HWSwiftyViewPager/Info.plist;
				LD_RUNPATH_SEARCH_PATHS = "$(inherited) @executable_path/Frameworks";
				PRODUCT_BUNDLE_IDENTIFIER = com.kokohapps.HWSwiftyViewPager;
				PRODUCT_NAME = "$(TARGET_NAME)";
			};
			name = Debug;
		};
		F54AAA631C43632700124ABE /* Release */ = {
			isa = XCBuildConfiguration;
			buildSettings = {
				ASSETCATALOG_COMPILER_APPICON_NAME = AppIcon;
				INFOPLIST_FILE = HWSwiftyViewPager/Info.plist;
				LD_RUNPATH_SEARCH_PATHS = "$(inherited) @executable_path/Frameworks";
				PRODUCT_BUNDLE_IDENTIFIER = com.kokohapps.HWSwiftyViewPager;
				PRODUCT_NAME = "$(TARGET_NAME)";
			};
			name = Release;
		};
/* End XCBuildConfiguration section */

/* Begin XCConfigurationList section */
		F54AAA4A1C43632700124ABE /* Build configuration list for PBXProject "HWSwiftyViewPager" */ = {
			isa = XCConfigurationList;
			buildConfigurations = (
				F54AAA5F1C43632700124ABE /* Debug */,
				F54AAA601C43632700124ABE /* Release */,
			);
			defaultConfigurationIsVisible = 0;
			defaultConfigurationName = Release;
		};
		F54AAA611C43632700124ABE /* Build configuration list for PBXNativeTarget "HWSwiftyViewPager" */ = {
			isa = XCConfigurationList;
			buildConfigurations = (
				F54AAA621C43632700124ABE /* Debug */,
				F54AAA631C43632700124ABE /* Release */,
			);
			defaultConfigurationIsVisible = 0;
		};
/* End XCConfigurationList section */
	};
	rootObject = F54AAA471C43632700124ABE /* Project object */;
}
